
Microsoft Visual Studio Solution File, Format Version 12.00
# Visual Studio Version 16
VisualStudioVersion = 16.0.30517.126
MinimumVisualStudioVersion = 10.0.40219.1
Project("{9A19103F-16F7-4668-BE54-9A1E7A4F7556}") = "Phonebook.Contacts.Api", "Phonebook\Phonebook.Contacts.Api.csproj", "{B57ED969-ABD9-48FC-ABBA-5BFE7D274D1D}"
EndProject
Project("{9A19103F-16F7-4668-BE54-9A1E7A4F7556}") = "Phonebook.Contacts.Core", "Phonebook.Contacts.Core\Phonebook.Contacts.Core.csproj", "{88243A5F-F223-4DD8-933E-33D682AC4E8A}"
EndProject
Project("{9A19103F-16F7-4668-BE54-9A1E7A4F7556}") = "Phonebook.Contacts.Infrastructure", "Phonebook.Contacts.Infrastructure\Phonebook.Contacts.Infrastructure.csproj", "{353B177B-FA47-4696-934C-EB3F4F977194}"
EndProject
Project("{9A19103F-16F7-4668-BE54-9A1E7A4F7556}") = "Phonebook.Contacts.Api.Test", "Phonebook.Contacts.Api.Test\Phonebook.Contacts.Api.Test.csproj", "{546F5069-FCAE-4B13-A9D5-F180C04523EE}"
EndProject
Project("{E53339B2-1760-4266-BCC7-CA923CBCF16C}") = "docker-compose", "docker-compose.dcproj", "{18220C66-E90B-4A2A-A516-82A2A9AD200B}"
EndProject
Global
	GlobalSection(SolutionConfigurationPlatforms) = preSolution
		Debug|Any CPU = Debug|Any CPU
		Release|Any CPU = Release|Any CPU
	EndGlobalSection
	GlobalSection(ProjectConfigurationPlatforms) = postSolution
		{B57ED969-ABD9-48FC-ABBA-5BFE7D274D1D}.Debug|Any CPU.ActiveCfg = Debug|Any CPU
		{B57ED969-ABD9-48FC-ABBA-5BFE7D274D1D}.Debug|Any CPU.Build.0 = Debug|Any CPU
		{B57ED969-ABD9-48FC-ABBA-5BFE7D274D1D}.Release|Any CPU.ActiveCfg = Release|Any CPU
		{B57ED969-ABD9-48FC-ABBA-5BFE7D274D1D}.Release|Any CPU.Build.0 = Release|Any CPU
		{88243A5F-F223-4DD8-933E-33D682AC4E8A}.Debug|Any CPU.ActiveCfg = Debug|Any CPU
		{88243A5F-F223-4DD8-933E-33D682AC4E8A}.Debug|Any CPU.Build.0 = Debug|Any CPU
		{88243A5F-F223-4DD8-933E-33D682AC4E8A}.Release|Any CPU.ActiveCfg = Release|Any CPU
		{88243A5F-F223-4DD8-933E-33D682AC4E8A}.Release|Any CPU.Build.0 = Release|Any CPU
		{353B177B-FA47-4696-934C-EB3F4F977194}.Debug|Any CPU.ActiveCfg = Debug|Any CPU
		{353B177B-FA47-4696-934C-EB3F4F977194}.Debug|Any CPU.Build.0 = Debug|Any CPU
		{353B177B-FA47-4696-934C-EB3F4F977194}.Release|Any CPU.ActiveCfg = Release|Any CPU
		{353B177B-FA47-4696-934C-EB3F4F977194}.Release|Any CPU.Build.0 = Release|Any CPU
		{546F5069-FCAE-4B13-A9D5-F180C04523EE}.Debug|Any CPU.ActiveCfg = Debug|Any CPU
		{546F5069-FCAE-4B13-A9D5-F180C04523EE}.Debug|Any CPU.Build.0 = Debug|Any CPU
		{546F5069-FCAE-4B13-A9D5-F180C04523EE}.Release|Any CPU.ActiveCfg = Release|Any CPU
		{546F5069-FCAE-4B13-A9D5-F180C04523EE}.Release|Any CPU.Build.0 = Release|Any CPU
		{18220C66-E90B-4A2A-A516-82A2A9AD200B}.Debug|Any CPU.ActiveCfg = Debug|Any CPU
		{18220C66-E90B-4A2A-A516-82A2A9AD200B}.Debug|Any CPU.Build.0 = Debug|Any CPU
		{18220C66-E90B-4A2A-A516-82A2A9AD200B}.Release|Any CPU.ActiveCfg = Release|Any CPU
		{18220C66-E90B-4A2A-A516-82A2A9AD200B}.Release|Any CPU.Build.0 = Release|Any CPU
	EndGlobalSection
	GlobalSection(SolutionProperties) = preSolution
		HideSolutionNode = FALSE
	EndGlobalSection
	GlobalSection(ExtensibilityGlobals) = postSolution
		SolutionGuid = {5A646F04-0985-4DD4-B1AE-330777B0558B}
	EndGlobalSection
EndGlobal
